
Microsoft Visual Studio Solution File, Format Version 12.00
# Visual Studio Version 16
VisualStudioVersion = 16.0.30907.101
MinimumVisualStudioVersion = 10.0.40219.1
Project("{9A19103F-16F7-4668-BE54-9A1E7A4F7556}") = "ConsoleApp.Aula6", "ConsoleApp.Aula6\ConsoleApp.Aula6.csproj", "{11441603-3DAF-4497-BCF9-596D81CAD4EA}"
EndProject
Project("{FAE04EC0-301F-11D3-BF4B-00C04F79EFBC}") = "WebApplicationSoap", "WebApplicationSoap\WebApplicationSoap.csproj", "{D7875DAE-49C1-4FB2-99E9-10860C9461D7}"
EndProject
Project("{FAE04EC0-301F-11D3-BF4B-00C04F79EFBC}") = "WebApiAula6", "WebApiAula6\WebApiAula6.csproj", "{A5A541B4-477E-41AE-8638-8E979CA82967}"
EndProject
Global
	GlobalSection(SolutionConfigurationPlatforms) = preSolution
		Debug|Any CPU = Debug|Any CPU
		Release|Any CPU = Release|Any CPU
	EndGlobalSection
	GlobalSection(ProjectConfigurationPlatforms) = postSolution
		{11441603-3DAF-4497-BCF9-596D81CAD4EA}.Debug|Any CPU.ActiveCfg = Debug|Any CPU
		{11441603-3DAF-4497-BCF9-596D81CAD4EA}.Debug|Any CPU.Build.0 = Debug|Any CPU
		{11441603-3DAF-4497-BCF9-596D81CAD4EA}.Release|Any CPU.ActiveCfg = Release|Any CPU
		{11441603-3DAF-4497-BCF9-596D81CAD4EA}.Release|Any CPU.Build.0 = Release|Any CPU
		{D7875DAE-49C1-4FB2-99E9-10860C9461D7}.Debug|Any CPU.ActiveCfg = Debug|Any CPU
		{D7875DAE-49C1-4FB2-99E9-10860C9461D7}.Debug|Any CPU.Build.0 = Debug|Any CPU
		{D7875DAE-49C1-4FB2-99E9-10860C9461D7}.Release|Any CPU.ActiveCfg = Release|Any CPU
		{D7875DAE-49C1-4FB2-99E9-10860C9461D7}.Release|Any CPU.Build.0 = Release|Any CPU
		{A5A541B4-477E-41AE-8638-8E979CA82967}.Debug|Any CPU.ActiveCfg = Debug|Any CPU
		{A5A541B4-477E-41AE-8638-8E979CA82967}.Debug|Any CPU.Build.0 = Debug|Any CPU
		{A5A541B4-477E-41AE-8638-8E979CA82967}.Release|Any CPU.ActiveCfg = Release|Any CPU
		{A5A541B4-477E-41AE-8638-8E979CA82967}.Release|Any CPU.Build.0 = Release|Any CPU
	EndGlobalSection
	GlobalSection(SolutionProperties) = preSolution
		HideSolutionNode = FALSE
	EndGlobalSection
	GlobalSection(ExtensibilityGlobals) = postSolution
		SolutionGuid = {5AB7E0F8-B227-4E3D-AF3C-5C7538CDDAF9}
	EndGlobalSection
EndGlobal
